
Microsoft Visual Studio Solution File, Format Version 12.00
# Visual Studio Version 18
VisualStudioVersion = 18.2.11415.280
MinimumVisualStudioVersion = 10.0.40219.1
Project("{2150E333-8FDC-42A3-9474-1A3956D46DE8}") = "Solution Items", "Solution Items", "{F1097E98-4DEB-4A0A-81EE-5CEC667EBDF0}"
	ProjectSection(SolutionItems) = preProject
		.gitignore = .gitignore
		AGENT-README.txt = AGENT-README.txt
		icon-codebrix-128.png = icon-codebrix-128.png
		LICENSE = LICENSE
		README.md = README.md
		THIRD-PARTY-NOTICES.txt = THIRD-PARTY-NOTICES.txt
	EndProjectSection
EndProject
Project("{FAE04EC0-301F-11D3-BF4B-00C04F79EFBC}") = "CodeBrix.PdfDocuments", "src\CodeBrix.PdfDocuments\CodeBrix.PdfDocuments.csproj", "{FD0E95D8-7F76-48F0-BBB3-B14CB499052D}"
EndProject
Project("{2150E333-8FDC-42A3-9474-1A3956D46DE8}") = "Tests", "Tests", "{AF816CCD-AD19-4784-9E92-0E0D405AC943}"
EndProject
Project("{FAE04EC0-301F-11D3-BF4B-00C04F79EFBC}") = "CodeBrix.PdfDocuments.Tests", "tests\CodeBrix.PdfDocuments.Tests\CodeBrix.PdfDocuments.Tests.csproj", "{9096517B-BA14-44D9-8798-AA9539D2CF05}"
EndProject
Project("{FAE04EC0-301F-11D3-BF4B-00C04F79EFBC}") = "CodeBrix.PdfDocCreate", "src\CodeBrix.PdfDocCreate\CodeBrix.PdfDocCreate.csproj", "{FE2A8A29-F23D-4D22-9C23-81B223989DB5}"
EndProject
Project("{FAE04EC0-301F-11D3-BF4B-00C04F79EFBC}") = "CodeBrix.PdfRasterizer", "src\CodeBrix.PdfRasterizer\CodeBrix.PdfRasterizer.csproj", "{51B5CEC6-5836-47BD-A4DA-EC12AD15807C}"
EndProject
Project("{FAE04EC0-301F-11D3-BF4B-00C04F79EFBC}") = "CodeBrix.PdfDocCreate.Html2Pdf", "src\CodeBrix.PdfDocCreate.Html2Pdf\CodeBrix.PdfDocCreate.Html2Pdf.csproj", "{7856C5EF-077E-4CE6-8840-F088CF7232BF}"
EndProject
Project("{FAE04EC0-301F-11D3-BF4B-00C04F79EFBC}") = "CodeBrix.PdfDocCreate.Markdown2Pdf", "src\CodeBrix.PdfDocCreate.Markdown2Pdf\CodeBrix.PdfDocCreate.Markdown2Pdf.csproj", "{B877FD71-D754-4A4F-8821-D84D5100AA9D}"
EndProject
Project("{FAE04EC0-301F-11D3-BF4B-00C04F79EFBC}") = "CodeBrix.PdfDocCreate.Html2Pdf.Tests", "tests\CodeBrix.PdfDocCreate.Html2Pdf.Tests\CodeBrix.PdfDocCreate.Html2Pdf.Tests.csproj", "{C6EF4486-1011-4DC5-BEC6-4F68BFA9883A}"
EndProject
Project("{FAE04EC0-301F-11D3-BF4B-00C04F79EFBC}") = "CodeBrix.PdfDocCreate.Markdown2Pdf.Tests", "tests\CodeBrix.PdfDocCreate.Markdown2Pdf.Tests\CodeBrix.PdfDocCreate.Markdown2Pdf.Tests.csproj", "{A4373BA9-36A2-4C48-8D25-269A49E2A6CB}"
EndProject
Global
	GlobalSection(SolutionConfigurationPlatforms) = preSolution
		Debug|Any CPU = Debug|Any CPU
		Release|Any CPU = Release|Any CPU
	EndGlobalSection
	GlobalSection(ProjectConfigurationPlatforms) = postSolution
		{FD0E95D8-7F76-48F0-BBB3-B14CB499052D}.Debug|Any CPU.ActiveCfg = Debug|Any CPU
		{FD0E95D8-7F76-48F0-BBB3-B14CB499052D}.Debug|Any CPU.Build.0 = Debug|Any CPU
		{FD0E95D8-7F76-48F0-BBB3-B14CB499052D}.Release|Any CPU.ActiveCfg = Release|Any CPU
		{FD0E95D8-7F76-48F0-BBB3-B14CB499052D}.Release|Any CPU.Build.0 = Release|Any CPU
		{9096517B-BA14-44D9-8798-AA9539D2CF05}.Debug|Any CPU.ActiveCfg = Debug|Any CPU
		{9096517B-BA14-44D9-8798-AA9539D2CF05}.Debug|Any CPU.Build.0 = Debug|Any CPU
		{9096517B-BA14-44D9-8798-AA9539D2CF05}.Release|Any CPU.ActiveCfg = Release|Any CPU
		{9096517B-BA14-44D9-8798-AA9539D2CF05}.Release|Any CPU.Build.0 = Release|Any CPU
		{FE2A8A29-F23D-4D22-9C23-81B223989DB5}.Debug|Any CPU.ActiveCfg = Debug|Any CPU
		{FE2A8A29-F23D-4D22-9C23-81B223989DB5}.Debug|Any CPU.Build.0 = Debug|Any CPU
		{FE2A8A29-F23D-4D22-9C23-81B223989DB5}.Release|Any CPU.ActiveCfg = Release|Any CPU
		{FE2A8A29-F23D-4D22-9C23-81B223989DB5}.Release|Any CPU.Build.0 = Release|Any CPU
		{51B5CEC6-5836-47BD-A4DA-EC12AD15807C}.Debug|Any CPU.ActiveCfg = Debug|Any CPU
		{51B5CEC6-5836-47BD-A4DA-EC12AD15807C}.Debug|Any CPU.Build.0 = Debug|Any CPU
		{51B5CEC6-5836-47BD-A4DA-EC12AD15807C}.Release|Any CPU.ActiveCfg = Release|Any CPU
		{51B5CEC6-5836-47BD-A4DA-EC12AD15807C}.Release|Any CPU.Build.0 = Release|Any CPU
		{7856C5EF-077E-4CE6-8840-F088CF7232BF}.Debug|Any CPU.ActiveCfg = Debug|Any CPU
		{7856C5EF-077E-4CE6-8840-F088CF7232BF}.Debug|Any CPU.Build.0 = Debug|Any CPU
		{7856C5EF-077E-4CE6-8840-F088CF7232BF}.Release|Any CPU.ActiveCfg = Release|Any CPU
		{7856C5EF-077E-4CE6-8840-F088CF7232BF}.Release|Any CPU.Build.0 = Release|Any CPU
		{B877FD71-D754-4A4F-8821-D84D5100AA9D}.Debug|Any CPU.ActiveCfg = Debug|Any CPU
		{B877FD71-D754-4A4F-8821-D84D5100AA9D}.Debug|Any CPU.Build.0 = Debug|Any CPU
		{B877FD71-D754-4A4F-8821-D84D5100AA9D}.Release|Any CPU.ActiveCfg = Release|Any CPU
		{B877FD71-D754-4A4F-8821-D84D5100AA9D}.Release|Any CPU.Build.0 = Release|Any CPU
		{C6EF4486-1011-4DC5-BEC6-4F68BFA9883A}.Debug|Any CPU.ActiveCfg = Debug|Any CPU
		{C6EF4486-1011-4DC5-BEC6-4F68BFA9883A}.Debug|Any CPU.Build.0 = Debug|Any CPU
		{C6EF4486-1011-4DC5-BEC6-4F68BFA9883A}.Release|Any CPU.ActiveCfg = Release|Any CPU
		{C6EF4486-1011-4DC5-BEC6-4F68BFA9883A}.Release|Any CPU.Build.0 = Release|Any CPU
		{A4373BA9-36A2-4C48-8D25-269A49E2A6CB}.Debug|Any CPU.ActiveCfg = Debug|Any CPU
		{A4373BA9-36A2-4C48-8D25-269A49E2A6CB}.Debug|Any CPU.Build.0 = Debug|Any CPU
		{A4373BA9-36A2-4C48-8D25-269A49E2A6CB}.Release|Any CPU.ActiveCfg = Release|Any CPU
		{A4373BA9-36A2-4C48-8D25-269A49E2A6CB}.Release|Any CPU.Build.0 = Release|Any CPU
	EndGlobalSection
	GlobalSection(SolutionProperties) = preSolution
		HideSolutionNode = FALSE
	EndGlobalSection
	GlobalSection(NestedProjects) = preSolution
		{9096517B-BA14-44D9-8798-AA9539D2CF05} = {AF816CCD-AD19-4784-9E92-0E0D405AC943}
		{C6EF4486-1011-4DC5-BEC6-4F68BFA9883A} = {AF816CCD-AD19-4784-9E92-0E0D405AC943}
		{A4373BA9-36A2-4C48-8D25-269A49E2A6CB} = {AF816CCD-AD19-4784-9E92-0E0D405AC943}
	EndGlobalSection
	GlobalSection(ExtensibilityGlobals) = postSolution
		SolutionGuid = {0A049193-65F8-49AF-82CB-75D42563DA16}
	EndGlobalSection
EndGlobal
